// !$*UTF8*$!
{
	archiveVersion = 1;
	classes = {
	};
	objectVersion = 56;
	objects = {

/* Begin PBXBuildFile section */
		338888DB2B883F94005F1A1E /* ProfileView.swift in Sources */ = {isa = PBXBuildFile; fileRef = 338888DA2B883F93005F1A1E /* ProfileView.swift */; };
		338888DD2B884168005F1A1E /* SettingsRowView.swift in Sources */ = {isa = PBXBuildFile; fileRef = 338888DC2B884168005F1A1E /* SettingsRowView.swift */; };
		338888DF2B88449E005F1A1E /* User.swift in Sources */ = {isa = PBXBuildFile; fileRef = 338888DE2B88449E005F1A1E /* User.swift */; };
		8500303F2B88198600790F64 /* HalalBytes_App__IOS_App.swift in Sources */ = {isa = PBXBuildFile; fileRef = 8500303E2B88198600790F64 /* HalalBytes_App__IOS_App.swift */; };
		850030412B88198600790F64 /* ContentView.swift in Sources */ = {isa = PBXBuildFile; fileRef = 850030402B88198600790F64 /* ContentView.swift */; };
		850030432B88198C00790F64 /* Assets.xcassets in Resources */ = {isa = PBXBuildFile; fileRef = 850030422B88198C00790F64 /* Assets.xcassets */; };
		850030462B88198C00790F64 /* Preview Assets.xcassets in Resources */ = {isa = PBXBuildFile; fileRef = 850030452B88198C00790F64 /* Preview Assets.xcassets */; };
		850030542B881B3300790F64 /* LoginView.swift in Sources */ = {isa = PBXBuildFile; fileRef = 850030532B881B3300790F64 /* LoginView.swift */; };
		850030562B881B6200790F64 /* InputView.swift in Sources */ = {isa = PBXBuildFile; fileRef = 850030552B881B6200790F64 /* InputView.swift */; };
		850030582B88207500790F64 /* RegistrationView.swift in Sources */ = {isa = PBXBuildFile; fileRef = 850030572B88207500790F64 /* RegistrationView.swift */; };
/* End PBXBuildFile section */

/* Begin PBXFileReference section */
		338888DA2B883F93005F1A1E /* ProfileView.swift */ = {isa = PBXFileReference; lastKnownFileType = sourcecode.swift; path = ProfileView.swift; sourceTree = "<group>"; };
		338888DC2B884168005F1A1E /* SettingsRowView.swift */ = {isa = PBXFileReference; lastKnownFileType = sourcecode.swift; path = SettingsRowView.swift; sourceTree = "<group>"; };
		338888DE2B88449E005F1A1E /* User.swift */ = {isa = PBXFileReference; lastKnownFileType = sourcecode.swift; name = User.swift; path = "HalalBytes App (IOS)/Components/User.swift"; sourceTree = SOURCE_ROOT; };
		8500303B2B88198600790F64 /* HalalBytes App (IOS).app */ = {isa = PBXFileReference; explicitFileType = wrapper.application; includeInIndex = 0; path = "HalalBytes App (IOS).app"; sourceTree = BUILT_PRODUCTS_DIR; };
		8500303E2B88198600790F64 /* HalalBytes_App__IOS_App.swift */ = {isa = PBXFileReference; lastKnownFileType = sourcecode.swift; path = HalalBytes_App__IOS_App.swift; sourceTree = "<group>"; };
		850030402B88198600790F64 /* ContentView.swift */ = {isa = PBXFileReference; lastKnownFileType = sourcecode.swift; path = ContentView.swift; sourceTree = "<group>"; };
		850030422B88198C00790F64 /* Assets.xcassets */ = {isa = PBXFileReference; lastKnownFileType = folder.assetcatalog; path = Assets.xcassets; sourceTree = "<group>"; };
		850030452B88198C00790F64 /* Preview Assets.xcassets */ = {isa = PBXFileReference; lastKnownFileType = folder.assetcatalog; path = "Preview Assets.xcassets"; sourceTree = "<group>"; };
		850030532B881B3300790F64 /* LoginView.swift */ = {isa = PBXFileReference; lastKnownFileType = sourcecode.swift; path = LoginView.swift; sourceTree = "<group>"; };
		850030552B881B6200790F64 /* InputView.swift */ = {isa = PBXFileReference; lastKnownFileType = sourcecode.swift; path = InputView.swift; sourceTree = "<group>"; };
		850030572B88207500790F64 /* RegistrationView.swift */ = {isa = PBXFileReference; lastKnownFileType = sourcecode.swift; path = RegistrationView.swift; sourceTree = "<group>"; };
/* End PBXFileReference section */

/* Begin PBXFrameworksBuildPhase section */
		850030382B88198600790F64 /* Frameworks */ = {
			isa = PBXFrameworksBuildPhase;
			buildActionMask = 2147483647;
			files = (
			);
			runOnlyForDeploymentPostprocessing = 0;
		};
/* End PBXFrameworksBuildPhase section */

/* Begin PBXGroup section */
		850030322B88198600790F64 = {
			isa = PBXGroup;
			children = (
				8500303D2B88198600790F64 /* HalalBytes App (IOS) */,
				8500303C2B88198600790F64 /* Products */,
			);
			sourceTree = "<group>";
		};
		8500303C2B88198600790F64 /* Products */ = {
			isa = PBXGroup;
			children = (
				8500303B2B88198600790F64 /* HalalBytes App (IOS).app */,
			);
			name = Products;
			sourceTree = "<group>";
		};
		8500303D2B88198600790F64 /* HalalBytes App (IOS) */ = {
			isa = PBXGroup;
			children = (
				8500304C2B88199500790F64 /* App */,
				8500304F2B88199C00790F64 /* Components */,
				8500304D2B88199800790F64 /* Core */,
				8500304E2B88199A00790F64 /* Model */,
				850030422B88198C00790F64 /* Assets.xcassets */,
				850030442B88198C00790F64 /* Preview Content */,
			);
			path = "HalalBytes App (IOS)";
			sourceTree = "<group>";
		};
		850030442B88198C00790F64 /* Preview Content */ = {
			isa = PBXGroup;
			children = (
				850030452B88198C00790F64 /* Preview Assets.xcassets */,
			);
			path = "Preview Content";
			sourceTree = "<group>";
		};
		8500304C2B88199500790F64 /* App */ = {
			isa = PBXGroup;
			children = (
				8500303E2B88198600790F64 /* HalalBytes_App__IOS_App.swift */,
			);
			path = App;
			sourceTree = "<group>";
		};
		8500304D2B88199800790F64 /* Core */ = {
			isa = PBXGroup;
			children = (
				850030502B881A9200790F64 /* Authenticate */,
				850030512B881AA000790F64 /* Profile */,
				850030522B881AB500790F64 /* Root */,
			);
			path = Core;
			sourceTree = "<group>";
		};
		8500304E2B88199A00790F64 /* Model */ = {
			isa = PBXGroup;
			children = (
				338888DE2B88449E005F1A1E /* User.swift */,
			);
			path = Model;
			sourceTree = "<group>";
		};
		8500304F2B88199C00790F64 /* Components */ = {
			isa = PBXGroup;
			children = (
				850030552B881B6200790F64 /* InputView.swift */,
				338888DC2B884168005F1A1E /* SettingsRowView.swift */,
			);
			path = Components;
			sourceTree = "<group>";
		};
		850030502B881A9200790F64 /* Authenticate */ = {
			isa = PBXGroup;
			children = (
				850030532B881B3300790F64 /* LoginView.swift */,
				850030572B88207500790F64 /* RegistrationView.swift */,
			);
			path = Authenticate;
			sourceTree = "<group>";
		};
		850030512B881AA000790F64 /* Profile */ = {
			isa = PBXGroup;
			children = (
				338888DA2B883F93005F1A1E /* ProfileView.swift */,
			);
			path = Profile;
			sourceTree = "<group>";
		};
		850030522B881AB500790F64 /* Root */ = {
			isa = PBXGroup;
			children = (
				850030402B88198600790F64 /* ContentView.swift */,
			);
			path = Root;
			sourceTree = "<group>";
		};
/* End PBXGroup section */

/* Begin PBXNativeTarget section */
		8500303A2B88198600790F64 /* HalalBytes App (IOS) */ = {
			isa = PBXNativeTarget;
			buildConfigurationList = 850030492B88198C00790F64 /* Build configuration list for PBXNativeTarget "HalalBytes App (IOS)" */;
			buildPhases = (
				850030372B88198600790F64 /* Sources */,
				850030382B88198600790F64 /* Frameworks */,
				850030392B88198600790F64 /* Resources */,
			);
			buildRules = (
			);
			dependencies = (
			);
			name = "HalalBytes App (IOS)";
			productName = "HalalBytes App (IOS)";
			productReference = 8500303B2B88198600790F64 /* HalalBytes App (IOS).app */;
			productType = "com.apple.product-type.application";
		};
/* End PBXNativeTarget section */

/* Begin PBXProject section */
		850030332B88198600790F64 /* Project object */ = {
			isa = PBXProject;
			attributes = {
				BuildIndependentTargetsInParallel = 1;
				LastSwiftUpdateCheck = 1520;
				LastUpgradeCheck = 1520;
				TargetAttributes = {
					8500303A2B88198600790F64 = {
						CreatedOnToolsVersion = 15.2;
					};
				};
			};
			buildConfigurationList = 850030362B88198600790F64 /* Build configuration list for PBXProject "HalalBytes App (IOS)" */;
			compatibilityVersion = "Xcode 14.0";
			developmentRegion = en;
			hasScannedForEncodings = 0;
			knownRegions = (
				en,
				Base,
			);
			mainGroup = 850030322B88198600790F64;
			productRefGroup = 8500303C2B88198600790F64 /* Products */;
			projectDirPath = "";
			projectRoot = "";
			targets = (
				8500303A2B88198600790F64 /* HalalBytes App (IOS) */,
			);
		};
/* End PBXProject section */

/* Begin PBXResourcesBuildPhase section */
		850030392B88198600790F64 /* Resources */ = {
			isa = PBXResourcesBuildPhase;
			buildActionMask = 2147483647;
			files = (
				850030462B88198C00790F64 /* Preview Assets.xcassets in Resources */,
				850030432B88198C00790F64 /* Assets.xcassets in Resources */,
			);
			runOnlyForDeploymentPostprocessing = 0;
		};
/* End PBXResourcesBuildPhase section */

/* Begin PBXSourcesBuildPhase section */
		850030372B88198600790F64 /* Sources */ = {
			isa = PBXSourcesBuildPhase;
			buildActionMask = 2147483647;
			files = (
				850030542B881B3300790F64 /* LoginView.swift in Sources */,
				850030562B881B6200790F64 /* InputView.swift in Sources */,
				850030412B88198600790F64 /* ContentView.swift in Sources */,
				8500303F2B88198600790F64 /* HalalBytes_App__IOS_App.swift in Sources */,
				338888DF2B88449E005F1A1E /* User.swift in Sources */,
				338888DB2B883F94005F1A1E /* ProfileView.swift in Sources */,
				850030582B88207500790F64 /* RegistrationView.swift in Sources */,
				338888DD2B884168005F1A1E /* SettingsRowView.swift in Sources */,
			);
			runOnlyForDeploymentPostprocessing = 0;
		};
/* End PBXSourcesBuildPhase section */

/* Begin XCBuildConfiguration section */
		850030472B88198C00790F64 /* Debug */ = {
			isa = XCBuildConfiguration;
			buildSettings = {
				ALWAYS_SEARCH_USER_PATHS = NO;
				ASSETCATALOG_COMPILER_GENERATE_SWIFT_ASSET_SYMBOL_EXTENSIONS = YES;
				CLANG_ANALYZER_NONNULL = YES;
				CLANG_ANALYZER_NUMBER_OBJECT_CONVERSION = YES_AGGRESSIVE;
				CLANG_CXX_LANGUAGE_STANDARD = "gnu++20";
				CLANG_ENABLE_MODULES = YES;
				CLANG_ENABLE_OBJC_ARC = YES;
				CLANG_ENABLE_OBJC_WEAK = YES;
				CLANG_WARN_BLOCK_CAPTURE_AUTORELEASING = YES;
				CLANG_WARN_BOOL_CONVERSION = YES;
				CLANG_WARN_COMMA = YES;
				CLANG_WARN_CONSTANT_CONVERSION = YES;
				CLANG_WARN_DEPRECATED_OBJC_IMPLEMENTATIONS = YES;
				CLANG_WARN_DIRECT_OBJC_ISA_USAGE = YES_ERROR;
				CLANG_WARN_DOCUMENTATION_COMMENTS = YES;
				CLANG_WARN_EMPTY_BODY = YES;
				CLANG_WARN_ENUM_CONVERSION = YES;
				CLANG_WARN_INFINITE_RECURSION = YES;
				CLANG_WARN_INT_CONVERSION = YES;
				CLANG_WARN_NON_LITERAL_NULL_CONVERSION = YES;
				CLANG_WARN_OBJC_IMPLICIT_RETAIN_SELF = YES;
				CLANG_WARN_OBJC_LITERAL_CONVERSION = YES;
				CLANG_WARN_OBJC_ROOT_CLASS = YES_ERROR;
				CLANG_WARN_QUOTED_INCLUDE_IN_FRAMEWORK_HEADER = YES;
				CLANG_WARN_RANGE_LOOP_ANALYSIS = YES;
				CLANG_WARN_STRICT_PROTOTYPES = YES;
				CLANG_WARN_SUSPICIOUS_MOVE = YES;
				CLANG_WARN_UNGUARDED_AVAILABILITY = YES_AGGRESSIVE;
				CLANG_WARN_UNREACHABLE_CODE = YES;
				CLANG_WARN__DUPLICATE_METHOD_MATCH = YES;
				COPY_PHASE_STRIP = NO;
				DEBUG_INFORMATION_FORMAT = dwarf;
				ENABLE_STRICT_OBJC_MSGSEND = YES;
				ENABLE_TESTABILITY = YES;
				ENABLE_USER_SCRIPT_SANDBOXING = YES;
				GCC_C_LANGUAGE_STANDARD = gnu17;
				GCC_DYNAMIC_NO_PIC = NO;
				GCC_NO_COMMON_BLOCKS = YES;
				GCC_OPTIMIZATION_LEVEL = 0;
				GCC_PREPROCESSOR_DEFINITIONS = (
					"DEBUG=1",
					"$(inherited)",
				);
				GCC_WARN_64_TO_32_BIT_CONVERSION = YES;
				GCC_WARN_ABOUT_RETURN_TYPE = YES_ERROR;
				GCC_WARN_UNDECLARED_SELECTOR = YES;
				GCC_WARN_UNINITIALIZED_AUTOS = YES_AGGRESSIVE;
				GCC_WARN_UNUSED_FUNCTION = YES;
				GCC_WARN_UNUSED_VARIABLE = YES;
				IPHONEOS_DEPLOYMENT_TARGET = 17.2;
				LOCALIZATION_PREFERS_STRING_CATALOGS = YES;
				MTL_ENABLE_DEBUG_INFO = INCLUDE_SOURCE;
				MTL_FAST_MATH = YES;
				ONLY_ACTIVE_ARCH = YES;
				SDKROOT = iphoneos;
				SWIFT_ACTIVE_COMPILATION_CONDITIONS = "DEBUG $(inherited)";
				SWIFT_OPTIMIZATION_LEVEL = "-Onone";
			};
			name = Debug;
		};
		850030482B88198C00790F64 /* Release */ = {
			isa = XCBuildConfiguration;
			buildSettings = {
				ALWAYS_SEARCH_USER_PATHS = NO;
				ASSETCATALOG_COMPILER_GENERATE_SWIFT_ASSET_SYMBOL_EXTENSIONS = YES;
				CLANG_ANALYZER_NONNULL = YES;
				CLANG_ANALYZER_NUMBER_OBJECT_CONVERSION = YES_AGGRESSIVE;
				CLANG_CXX_LANGUAGE_STANDARD = "gnu++20";
				CLANG_ENABLE_MODULES = YES;
				CLANG_ENABLE_OBJC_ARC = YES;
				CLANG_ENABLE_OBJC_WEAK = YES;
				CLANG_WARN_BLOCK_CAPTURE_AUTORELEASING = YES;
				CLANG_WARN_BOOL_CONVERSION = YES;
				CLANG_WARN_COMMA = YES;
				CLANG_WARN_CONSTANT_CONVERSION = YES;
				CLANG_WARN_DEPRECATED_OBJC_IMPLEMENTATIONS = YES;
				CLANG_WARN_DIRECT_OBJC_ISA_USAGE = YES_ERROR;
				CLANG_WARN_DOCUMENTATION_COMMENTS = YES;
				CLANG_WARN_EMPTY_BODY = YES;
				CLANG_WARN_ENUM_CONVERSION = YES;
				CLANG_WARN_INFINITE_RECURSION = YES;
				CLANG_WARN_INT_CONVERSION = YES;
				CLANG_WARN_NON_LITERAL_NULL_CONVERSION = YES;
				CLANG_WARN_OBJC_IMPLICIT_RETAIN_SELF = YES;
				CLANG_WARN_OBJC_LITERAL_CONVERSION = YES;
				CLANG_WARN_OBJC_ROOT_CLASS = YES_ERROR;
				CLANG_WARN_QUOTED_INCLUDE_IN_FRAMEWORK_HEADER = YES;
				CLANG_WARN_RANGE_LOOP_ANALYSIS = YES;
				CLANG_WARN_STRICT_PROTOTYPES = YES;
				CLANG_WARN_SUSPICIOUS_MOVE = YES;
				CLANG_WARN_UNGUARDED_AVAILABILITY = YES_AGGRESSIVE;
				CLANG_WARN_UNREACHABLE_CODE = YES;
				CLANG_WARN__DUPLICATE_METHOD_MATCH = YES;
				COPY_PHASE_STRIP = NO;
				DEBUG_INFORMATION_FORMAT = "dwarf-with-dsym";
				ENABLE_NS_ASSERTIONS = NO;
				ENABLE_STRICT_OBJC_MSGSEND = YES;
				ENABLE_USER_SCRIPT_SANDBOXING = YES;
				GCC_C_LANGUAGE_STANDARD = gnu17;
				GCC_NO_COMMON_BLOCKS = YES;
				GCC_WARN_64_TO_32_BIT_CONVERSION = YES;
				GCC_WARN_ABOUT_RETURN_TYPE = YES_ERROR;
				GCC_WARN_UNDECLARED_SELECTOR = YES;
				GCC_WARN_UNINITIALIZED_AUTOS = YES_AGGRESSIVE;
				GCC_WARN_UNUSED_FUNCTION = YES;
				GCC_WARN_UNUSED_VARIABLE = YES;
				IPHONEOS_DEPLOYMENT_TARGET = 17.2;
				LOCALIZATION_PREFERS_STRING_CATALOGS = YES;
				MTL_ENABLE_DEBUG_INFO = NO;
				MTL_FAST_MATH = YES;
				SDKROOT = iphoneos;
				SWIFT_COMPILATION_MODE = wholemodule;
				VALIDATE_PRODUCT = YES;
			};
			name = Release;
		};
		8500304A2B88198C00790F64 /* Debug */ = {
			isa = XCBuildConfiguration;
			buildSettings = {
				ASSETCATALOG_COMPILER_APPICON_NAME = AppIcon;
				ASSETCATALOG_COMPILER_GLOBAL_ACCENT_COLOR_NAME = AccentColor;
				CODE_SIGN_STYLE = Automatic;
				CURRENT_PROJECT_VERSION = 1;
				DEVELOPMENT_ASSET_PATHS = "\"HalalBytes App (IOS)/Preview Content\"";
				DEVELOPMENT_TEAM = LXC375T8T5;
				ENABLE_PREVIEWS = YES;
				GENERATE_INFOPLIST_FILE = YES;
				INFOPLIST_KEY_UIApplicationSceneManifest_Generation = YES;
				INFOPLIST_KEY_UIApplicationSupportsIndirectInputEvents = YES;
				INFOPLIST_KEY_UILaunchScreen_Generation = YES;
				INFOPLIST_KEY_UISupportedInterfaceOrientations_iPad = "UIInterfaceOrientationPortrait UIInterfaceOrientationPortraitUpsideDown UIInterfaceOrientationLandscapeLeft UIInterfaceOrientationLandscapeRight";
				INFOPLIST_KEY_UISupportedInterfaceOrientations_iPhone = "UIInterfaceOrientationPortrait UIInterfaceOrientationLandscapeLeft UIInterfaceOrientationLandscapeRight";
				LD_RUNPATH_SEARCH_PATHS = (
					"$(inherited)",
					"@executable_path/Frameworks",
				);
				MARKETING_VERSION = 1.0;
				PRODUCT_BUNDLE_IDENTIFIER = "com.HalalBytes-App--IOS-";
				PRODUCT_NAME = "$(TARGET_NAME)";
				SWIFT_EMIT_LOC_STRINGS = YES;
				SWIFT_VERSION = 5.0;
				TARGETED_DEVICE_FAMILY = "1,2";
			};
			name = Debug;
		};
		8500304B2B88198C00790F64 /* Release */ = {
			isa = XCBuildConfiguration;
			buildSettings = {
				ASSETCATALOG_COMPILER_APPICON_NAME = AppIcon;
				ASSETCATALOG_COMPILER_GLOBAL_ACCENT_COLOR_NAME = AccentColor;
				CODE_SIGN_STYLE = Automatic;
				CURRENT_PROJECT_VERSION = 1;
				DEVELOPMENT_ASSET_PATHS = "\"HalalBytes App (IOS)/Preview Content\"";
				DEVELOPMENT_TEAM = LXC375T8T5;
				ENABLE_PREVIEWS = YES;
				GENERATE_INFOPLIST_FILE = YES;
				INFOPLIST_KEY_UIApplicationSceneManifest_Generation = YES;
				INFOPLIST_KEY_UIApplicationSupportsIndirectInputEvents = YES;
				INFOPLIST_KEY_UILaunchScreen_Generation = YES;
				INFOPLIST_KEY_UISupportedInterfaceOrientations_iPad = "UIInterfaceOrientationPortrait UIInterfaceOrientationPortraitUpsideDown UIInterfaceOrientationLandscapeLeft UIInterfaceOrientationLandscapeRight";
				INFOPLIST_KEY_UISupportedInterfaceOrientations_iPhone = "UIInterfaceOrientationPortrait UIInterfaceOrientationLandscapeLeft UIInterfaceOrientationLandscapeRight";
				LD_RUNPATH_SEARCH_PATHS = (
					"$(inherited)",
					"@executable_path/Frameworks",
				);
				MARKETING_VERSION = 1.0;
				PRODUCT_BUNDLE_IDENTIFIER = "com.HalalBytes-App--IOS-";
				PRODUCT_NAME = "$(TARGET_NAME)";
				SWIFT_EMIT_LOC_STRINGS = YES;
				SWIFT_VERSION = 5.0;
				TARGETED_DEVICE_FAMILY = "1,2";
			};
			name = Release;
		};
/* End XCBuildConfiguration section */

/* Begin XCConfigurationList section */
		850030362B88198600790F64 /* Build configuration list for PBXProject "HalalBytes App (IOS)" */ = {
			isa = XCConfigurationList;
			buildConfigurations = (
				850030472B88198C00790F64 /* Debug */,
				850030482B88198C00790F64 /* Release */,
			);
			defaultConfigurationIsVisible = 0;
			defaultConfigurationName = Release;
		};
		850030492B88198C00790F64 /* Build configuration list for PBXNativeTarget "HalalBytes App (IOS)" */ = {
			isa = XCConfigurationList;
			buildConfigurations = (
				8500304A2B88198C00790F64 /* Debug */,
				8500304B2B88198C00790F64 /* Release */,
			);
			defaultConfigurationIsVisible = 0;
			defaultConfigurationName = Release;
		};
/* End XCConfigurationList section */
	};
	rootObject = 850030332B88198600790F64 /* Project object */;
}
